
Microsoft Visual Studio Solution File, Format Version 12.00
# Visual Studio Version 17
VisualStudioVersion = 17.13.35818.85
MinimumVisualStudioVersion = 10.0.40219.1
Project("{FAE04EC0-301F-11D3-BF4B-00C04F79EFBC}") = "CSStack.PrimeBlazor", "CSStack.PrimeBlazor\CSStack.PrimeBlazor.csproj", "{53CDD7EC-AD37-427A-A853-B175FE32FA11}"
EndProject
Project("{2150E333-8FDC-42A3-9474-1A3956D46DE8}") = "ソリューション項目", "ソリューション項目", "{2022CB0F-8BAF-F49E-0C48-8EF4C96EC109}"
	ProjectSection(SolutionItems) = preProject
		README.md = README.md
	EndProjectSection
EndProject
Project("{FAE04EC0-301F-11D3-BF4B-00C04F79EFBC}") = "CSStack.PrimeBlazor.PageManager", "CSStack.PrimeBlazor.PageManager\CSStack.PrimeBlazor.PageManager.csproj", "{4ACDD1A8-8A10-4EA1-B884-DF83A5C1BF89}"
EndProject
Global
	GlobalSection(SolutionConfigurationPlatforms) = preSolution
		Debug|Any CPU = Debug|Any CPU
		Release|Any CPU = Release|Any CPU
	EndGlobalSection
	GlobalSection(ProjectConfigurationPlatforms) = postSolution
		{53CDD7EC-AD37-427A-A853-B175FE32FA11}.Debug|Any CPU.ActiveCfg = Debug|Any CPU
		{53CDD7EC-AD37-427A-A853-B175FE32FA11}.Debug|Any CPU.Build.0 = Debug|Any CPU
		{53CDD7EC-AD37-427A-A853-B175FE32FA11}.Release|Any CPU.ActiveCfg = Release|Any CPU
		{53CDD7EC-AD37-427A-A853-B175FE32FA11}.Release|Any CPU.Build.0 = Release|Any CPU
		{4ACDD1A8-8A10-4EA1-B884-DF83A5C1BF89}.Debug|Any CPU.ActiveCfg = Debug|Any CPU
		{4ACDD1A8-8A10-4EA1-B884-DF83A5C1BF89}.Debug|Any CPU.Build.0 = Debug|Any CPU
		{4ACDD1A8-8A10-4EA1-B884-DF83A5C1BF89}.Release|Any CPU.ActiveCfg = Release|Any CPU
		{4ACDD1A8-8A10-4EA1-B884-DF83A5C1BF89}.Release|Any CPU.Build.0 = Release|Any CPU
	EndGlobalSection
	GlobalSection(SolutionProperties) = preSolution
		HideSolutionNode = FALSE
	EndGlobalSection
	GlobalSection(ExtensibilityGlobals) = postSolution
		SolutionGuid = {2D8D2997-1842-4844-BF9F-1B46F7A0719E}
	EndGlobalSection
EndGlobal
